
Microsoft Visual Studio Solution File, Format Version 12.00
# Visual Studio Version 17
VisualStudioVersion = 17.9.34728.123
MinimumVisualStudioVersion = 10.0.40219.1
Project("{9A19103F-16F7-4668-BE54-9A1E7A4F7556}") = "AvaliacaoBailarinaPreparada", "AvaliacaoBailarinaPreparada.csproj", "{AFBDE0CF-82EA-4F1A-9DF2-304FD1F3B9C0}"
EndProject
Global
	GlobalSection(SolutionConfigurationPlatforms) = preSolution
		Debug|Any CPU = Debug|Any CPU
		Release|Any CPU = Release|Any CPU
	EndGlobalSection
	GlobalSection(ProjectConfigurationPlatforms) = postSolution
		{AFBDE0CF-82EA-4F1A-9DF2-304FD1F3B9C0}.Debug|Any CPU.ActiveCfg = Debug|Any CPU
		{AFBDE0CF-82EA-4F1A-9DF2-304FD1F3B9C0}.Debug|Any CPU.Build.0 = Debug|Any CPU
		{AFBDE0CF-82EA-4F1A-9DF2-304FD1F3B9C0}.Release|Any CPU.ActiveCfg = Release|Any CPU
		{AFBDE0CF-82EA-4F1A-9DF2-304FD1F3B9C0}.Release|Any CPU.Build.0 = Release|Any CPU
	EndGlobalSection
	GlobalSection(SolutionProperties) = preSolution
		HideSolutionNode = FALSE
	EndGlobalSection
	GlobalSection(ExtensibilityGlobals) = postSolution
		SolutionGuid = {DA271EEC-E50A-4765-ADC1-80F13D15AF0A}
	EndGlobalSection
EndGlobal
